
Microsoft Visual Studio Solution File, Format Version 12.00
# Visual Studio Version 17
VisualStudioVersion = 17.9.34723.18
MinimumVisualStudioVersion = 10.0.40219.1
Project("{FAE04EC0-301F-11D3-BF4B-00C04F79EFBC}") = "ListaDeContatosT7", "ListaDeContatosT7.csproj", "{97440F61-D08F-4DCC-AFEA-62AF23E4C973}"
EndProject
Global
	GlobalSection(SolutionConfigurationPlatforms) = preSolution
		Debug|Any CPU = Debug|Any CPU
		Release|Any CPU = Release|Any CPU
	EndGlobalSection
	GlobalSection(ProjectConfigurationPlatforms) = postSolution
		{97440F61-D08F-4DCC-AFEA-62AF23E4C973}.Debug|Any CPU.ActiveCfg = Debug|Any CPU
		{97440F61-D08F-4DCC-AFEA-62AF23E4C973}.Debug|Any CPU.Build.0 = Debug|Any CPU
		{97440F61-D08F-4DCC-AFEA-62AF23E4C973}.Release|Any CPU.ActiveCfg = Release|Any CPU
		{97440F61-D08F-4DCC-AFEA-62AF23E4C973}.Release|Any CPU.Build.0 = Release|Any CPU
	EndGlobalSection
	GlobalSection(SolutionProperties) = preSolution
		HideSolutionNode = FALSE
	EndGlobalSection
	GlobalSection(ExtensibilityGlobals) = postSolution
		SolutionGuid = {4CC7B5B6-F260-4F76-89DA-C2F5601BD5EC}
	EndGlobalSection
EndGlobal
